github.com/cloudsigma/cepgo v0.0.0-20140805094338-1bfc4895bf5c h1:RMx9SFbDpSl/jY3InnrhG+S7lW9Yr+54Jt+G8WZWOd8=
github.com/cloudsigma/cepgo v0.0.0-20140805094338-1bfc4895bf5c/go.mod h1:6Pooq9nOzi3YTaXMNF+0W7POfgQhIm5z8RquoPB9Sf4=
github.com/coreos/go-systemd v0.0.0-20140326023052-4fbc5060a317 h1:OJi3CY9dHDNVEdfBSMxkV6W6ay3YFxl9ThzgigsDVlM=
github.com/coreos/go-systemd v0.0.0-20140326023052-4fbc5060a317/go.mod h1:F5haX7vjVVG0kc13fIWeqUViNPyEJxv/OmvnBo0Yme4=
github.com/coreos/yaml v0.0.0-20141224210557-6b16a5714269 h1:/1sjrpK5Mb6IwyFOKd+u7321tXfNAsj0Ci8CivZmSlo=
github.com/coreos/yaml v0.0.0-20141224210557-6b16a5714269/go.mod h1:Bl1D/T9QJhVdu6eFoLrGxN90+admDLGaLz2HXH/VzDc=
github.com/dotcloud/docker v0.11.2-0.20140522020950-55d41c3e21e1 h1:YgK/YfnYMOO3tJL9N0lYOd7IG2dhs9+kPUDXqPZPQ9c=
github.com/dotcloud/docker v0.11.2-0.20140522020950-55d41c3e21e1/go.mod h1:ILmsztPoNJzhFWqgN1w/CccGRGm7j5uaU6kYvDN9scw=
github.com/guelfey/go.dbus v0.0.0-20131113121618-f6a3a2366cc3 h1:fngCxKbvZdctIsWj2hYijhAt4iK0JXSSA78B36xP0yI=
github.com/guelfey/go.dbus v0.0.0-20131113121618-f6a3a2366cc3/go.mod h1:0CNX5Cvi77WEH8llpfZ/ieuqyceb1cnO5//b5zzsnF8=
github.com/guelfey/go.dbus v0.0.0-20220105183920-7084538c37af h1:hq8nXI7SSuCMOYxaT/NB+4cHphOmGPT4cQbSahL0tjM=
github.com/guelfey/go.dbus v0.0.0-20220105183920-7084538c37af/go.mod h1:0CNX5Cvi77WEH8llpfZ/ieuqyceb1cnO5//b5zzsnF8=
github.com/sigma/bdoor v0.0.0-20160202064022-babf2a4017b0 h1:qxAYbRwLfydo33S7iASTeJJUas9DpMwHV1aphcrlJHI=
github.com/sigma/bdoor v0.0.0-20160202064022-babf2a4017b0/go.mod h1:WBu7REWbxC/s/J06jsk//d+9DOz9BbsmcIrimuGRFbs=
github.com/sigma/vmw-guestinfo v0.0.0-20160204083807-95dd4126d6e8 h1:KGPVEH9zX2nj28zToXFBeap2KgOKmWrshKtuSgKOvDk=
github.com/sigma/vmw-guestinfo v0.0.0-20160204083807-95dd4126d6e8/go.mod h1:JrRFFC0veyh0cibh0DAhriSY7/gV3kDdNaVUOmfx01U=
github.com/sigma/vmw-ovflib v0.0.0-20150531125353-56b4f44581ca h1:zVbnn0fCxftRipg4oHS6mZIP6hcm6axhUff5jV1qcC8=
github.com/sigma/vmw-ovflib v0.0.0-20150531125353-56b4f44581ca/go.mod h1:q9NV7D9YHntGOV2o9x6YzAyj94wmxxSoead3EcjVvWI=
github.com/tarm/goserial v0.0.0-20140420040555-cdabc8d44e8e h1:DFPBoKQ4NuBYyj8GVNALoQbQqESZTJ8azlYNuvrAFTA=
github.com/tarm/goserial v0.0.0-20140420040555-cdabc8d44e8e/go.mod h1:jcMo2Odv5FpDA6rp8bnczbUolcICW6t54K3s9gOlgII=
github.com/tarm/goserial v0.0.0-20151007205400-b3440c3c6355 h1:Kp3kg8YL2dc75mckomrHZQTfzNyFGnaqFhJeQw4ozGc=
github.com/tarm/goserial v0.0.0-20151007205400-b3440c3c6355/go.mod h1:jcMo2Odv5FpDA6rp8bnczbUolcICW6t54K3s9gOlgII=
